// !$*UTF8*$!
{
	archiveVersion = 1;
	classes = {
	};
	objectVersion = 56;
	objects = {

/* Begin PBXBuildFile section */
		685D9F552B0DB98C00F2F181 /* AppDelegate.swift in Sources */ = {isa = PBXBuildFile; fileRef = 685D9F542B0DB98C00F2F181 /* AppDelegate.swift */; };
		685D9F572B0DB98C00F2F181 /* SceneDelegate.swift in Sources */ = {isa = PBXBuildFile; fileRef = 685D9F562B0DB98C00F2F181 /* SceneDelegate.swift */; };
		685D9F592B0DB98C00F2F181 /* ViewController.swift in Sources */ = {isa = PBXBuildFile; fileRef = 685D9F582B0DB98C00F2F181 /* ViewController.swift */; };
		685D9F5C2B0DB98C00F2F181 /* Main.storyboard in Resources */ = {isa = PBXBuildFile; fileRef = 685D9F5A2B0DB98C00F2F181 /* Main.storyboard */; };
		685D9F5F2B0DB98C00F2F181 /* _7_08_2023_CoreDataDemo.xcdatamodeld in Sources */ = {isa = PBXBuildFile; fileRef = 685D9F5D2B0DB98C00F2F181 /* _7_08_2023_CoreDataDemo.xcdatamodeld */; };
		685D9F612B0DB98D00F2F181 /* Assets.xcassets in Resources */ = {isa = PBXBuildFile; fileRef = 685D9F602B0DB98D00F2F181 /* Assets.xcassets */; };
		685D9F642B0DB98D00F2F181 /* LaunchScreen.storyboard in Resources */ = {isa = PBXBuildFile; fileRef = 685D9F622B0DB98D00F2F181 /* LaunchScreen.storyboard */; };
/* End PBXBuildFile section */

/* Begin PBXFileReference section */
		685D9F512B0DB98C00F2F181 /* 07_08_2023_CoreDataDemo.app */ = {isa = PBXFileReference; explicitFileType = wrapper.application; includeInIndex = 0; path = 07_08_2023_CoreDataDemo.app; sourceTree = BUILT_PRODUCTS_DIR; };
		685D9F542B0DB98C00F2F181 /* AppDelegate.swift */ = {isa = PBXFileReference; lastKnownFileType = sourcecode.swift; path = AppDelegate.swift; sourceTree = "<group>"; };
		685D9F562B0DB98C00F2F181 /* SceneDelegate.swift */ = {isa = PBXFileReference; lastKnownFileType = sourcecode.swift; path = SceneDelegate.swift; sourceTree = "<group>"; };
		685D9F582B0DB98C00F2F181 /* ViewController.swift */ = {isa = PBXFileReference; lastKnownFileType = sourcecode.swift; path = ViewController.swift; sourceTree = "<group>"; };
		685D9F5B2B0DB98C00F2F181 /* Base */ = {isa = PBXFileReference; lastKnownFileType = file.storyboard; name = Base; path = Base.lproj/Main.storyboard; sourceTree = "<group>"; };
		685D9F5E2B0DB98C00F2F181 /* _7_08_2023_CoreDataDemo.xcdatamodel */ = {isa = PBXFileReference; lastKnownFileType = wrapper.xcdatamodel; path = _7_08_2023_CoreDataDemo.xcdatamodel; sourceTree = "<group>"; };
		685D9F602B0DB98D00F2F181 /* Assets.xcassets */ = {isa = PBXFileReference; lastKnownFileType = folder.assetcatalog; path = Assets.xcassets; sourceTree = "<group>"; };
		685D9F632B0DB98D00F2F181 /* Base */ = {isa = PBXFileReference; lastKnownFileType = file.storyboard; name = Base; path = Base.lproj/LaunchScreen.storyboard; sourceTree = "<group>"; };
		685D9F652B0DB98D00F2F181 /* Info.plist */ = {isa = PBXFileReference; lastKnownFileType = text.plist.xml; path = Info.plist; sourceTree = "<group>"; };
/* End PBXFileReference section */

/* Begin PBXFrameworksBuildPhase section */
		685D9F4E2B0DB98C00F2F181 /* Frameworks */ = {
			isa = PBXFrameworksBuildPhase;
			buildActionMask = 2147483647;
			files = (
			);
			runOnlyForDeploymentPostprocessing = 0;
		};
/* End PBXFrameworksBuildPhase section */

/* Begin PBXGroup section */
		685D9F482B0DB98C00F2F181 = {
			isa = PBXGroup;
			children = (
				685D9F532B0DB98C00F2F181 /* 07_08_2023_CoreDataDemo */,
				685D9F522B0DB98C00F2F181 /* Products */,
			);
			sourceTree = "<group>";
		};
		685D9F522B0DB98C00F2F181 /* Products */ = {
			isa = PBXGroup;
			children = (
				685D9F512B0DB98C00F2F181 /* 07_08_2023_CoreDataDemo.app */,
			);
			name = Products;
			sourceTree = "<group>";
		};
		685D9F532B0DB98C00F2F181 /* 07_08_2023_CoreDataDemo */ = {
			isa = PBXGroup;
			children = (
				685D9F542B0DB98C00F2F181 /* AppDelegate.swift */,
				685D9F562B0DB98C00F2F181 /* SceneDelegate.swift */,
				685D9F582B0DB98C00F2F181 /* ViewController.swift */,
				685D9F5A2B0DB98C00F2F181 /* Main.storyboard */,
				685D9F602B0DB98D00F2F181 /* Assets.xcassets */,
				685D9F622B0DB98D00F2F181 /* LaunchScreen.storyboard */,
				685D9F652B0DB98D00F2F181 /* Info.plist */,
				685D9F5D2B0DB98C00F2F181 /* _7_08_2023_CoreDataDemo.xcdatamodeld */,
			);
			path = 07_08_2023_CoreDataDemo;
			sourceTree = "<group>";
		};
/* End PBXGroup section */

/* Begin PBXNativeTarget section */
		685D9F502B0DB98C00F2F181 /* 07_08_2023_CoreDataDemo */ = {
			isa = PBXNativeTarget;
			buildConfigurationList = 685D9F682B0DB98D00F2F181 /* Build configuration list for PBXNativeTarget "07_08_2023_CoreDataDemo" */;
			buildPhases = (
				685D9F4D2B0DB98C00F2F181 /* Sources */,
				685D9F4E2B0DB98C00F2F181 /* Frameworks */,
				685D9F4F2B0DB98C00F2F181 /* Resources */,
			);
			buildRules = (
			);
			dependencies = (
			);
			name = 07_08_2023_CoreDataDemo;
			productName = 07_08_2023_CoreDataDemo;
			productReference = 685D9F512B0DB98C00F2F181 /* 07_08_2023_CoreDataDemo.app */;
			productType = "com.apple.product-type.application";
		};
/* End PBXNativeTarget section */

/* Begin PBXProject section */
		685D9F492B0DB98C00F2F181 /* Project object */ = {
			isa = PBXProject;
			attributes = {
				BuildIndependentTargetsInParallel = 1;
				LastSwiftUpdateCheck = 1400;
				LastUpgradeCheck = 1400;
				TargetAttributes = {
					685D9F502B0DB98C00F2F181 = {
						CreatedOnToolsVersion = 14.0;
					};
				};
			};
			buildConfigurationList = 685D9F4C2B0DB98C00F2F181 /* Build configuration list for PBXProject "07_08_2023_CoreDataDemo" */;
			compatibilityVersion = "Xcode 14.0";
			developmentRegion = en;
			hasScannedForEncodings = 0;
			knownRegions = (
				en,
				Base,
			);
			mainGroup = 685D9F482B0DB98C00F2F181;
			productRefGroup = 685D9F522B0DB98C00F2F181 /* Products */;
			projectDirPath = "";
			projectRoot = "";
			targets = (
				685D9F502B0DB98C00F2F181 /* 07_08_2023_CoreDataDemo */,
			);
		};
/* End PBXProject section */

/* Begin PBXResourcesBuildPhase section */
		685D9F4F2B0DB98C00F2F181 /* Resources */ = {
			isa = PBXResourcesBuildPhase;
			buildActionMask = 2147483647;
			files = (
				685D9F642B0DB98D00F2F181 /* LaunchScreen.storyboard in Resources */,
				685D9F612B0DB98D00F2F181 /* Assets.xcassets in Resources */,
				685D9F5C2B0DB98C00F2F181 /* Main.storyboard in Resources */,
			);
			runOnlyForDeploymentPostprocessing = 0;
		};
/* End PBXResourcesBuildPhase section */

/* Begin PBXSourcesBuildPhase section */
		685D9F4D2B0DB98C00F2F181 /* Sources */ = {
			isa = PBXSourcesBuildPhase;
			buildActionMask = 2147483647;
			files = (
				685D9F592B0DB98C00F2F181 /* ViewController.swift in Sources */,
				685D9F552B0DB98C00F2F181 /* AppDelegate.swift in Sources */,
				685D9F5F2B0DB98C00F2F181 /* _7_08_2023_CoreDataDemo.xcdatamodeld in Sources */,
				685D9F572B0DB98C00F2F181 /* SceneDelegate.swift in Sources */,
			);
			runOnlyForDeploymentPostprocessing = 0;
		};
/* End PBXSourcesBuildPhase section */

/* Begin PBXVariantGroup section */
		685D9F5A2B0DB98C00F2F181 /* Main.storyboard */ = {
			isa = PBXVariantGroup;
			children = (
				685D9F5B2B0DB98C00F2F181 /* Base */,
			);
			name = Main.storyboard;
			sourceTree = "<group>";
		};
		685D9F622B0DB98D00F2F181 /* LaunchScreen.storyboard */ = {
			isa = PBXVariantGroup;
			children = (
				685D9F632B0DB98D00F2F181 /* Base */,
			);
			name = LaunchScreen.storyboard;
			sourceTree = "<group>";
		};
/* End PBXVariantGroup section */

/* Begin XCBuildConfiguration section */
		685D9F662B0DB98D00F2F181 /* Debug */ = {
			isa = XCBuildConfiguration;
			buildSettings = {
				ALWAYS_SEARCH_USER_PATHS = NO;
				CLANG_ANALYZER_NONNULL = YES;
				CLANG_ANALYZER_NUMBER_OBJECT_CONVERSION = YES_AGGRESSIVE;
				CLANG_CXX_LANGUAGE_STANDARD = "gnu++20";
				CLANG_ENABLE_MODULES = YES;
				CLANG_ENABLE_OBJC_ARC = YES;
				CLANG_ENABLE_OBJC_WEAK = YES;
				CLANG_WARN_BLOCK_CAPTURE_AUTORELEASING = YES;
				CLANG_WARN_BOOL_CONVERSION = YES;
				CLANG_WARN_COMMA = YES;
				CLANG_WARN_CONSTANT_CONVERSION = YES;
				CLANG_WARN_DEPRECATED_OBJC_IMPLEMENTATIONS = YES;
				CLANG_WARN_DIRECT_OBJC_ISA_USAGE = YES_ERROR;
				CLANG_WARN_DOCUMENTATION_COMMENTS = YES;
				CLANG_WARN_EMPTY_BODY = YES;
				CLANG_WARN_ENUM_CONVERSION = YES;
				CLANG_WARN_INFINITE_RECURSION = YES;
				CLANG_WARN_INT_CONVERSION = YES;
				CLANG_WARN_NON_LITERAL_NULL_CONVERSION = YES;
				CLANG_WARN_OBJC_IMPLICIT_RETAIN_SELF = YES;
				CLANG_WARN_OBJC_LITERAL_CONVERSION = YES;
				CLANG_WARN_OBJC_ROOT_CLASS = YES_ERROR;
				CLANG_WARN_QUOTED_INCLUDE_IN_FRAMEWORK_HEADER = YES;
				CLANG_WARN_RANGE_LOOP_ANALYSIS = YES;
				CLANG_WARN_STRICT_PROTOTYPES = YES;
				CLANG_WARN_SUSPICIOUS_MOVE = YES;
				CLANG_WARN_UNGUARDED_AVAILABILITY = YES_AGGRESSIVE;
				CLANG_WARN_UNREACHABLE_CODE = YES;
				CLANG_WARN__DUPLICATE_METHOD_MATCH = YES;
				COPY_PHASE_STRIP = NO;
				DEBUG_INFORMATION_FORMAT = dwarf;
				ENABLE_STRICT_OBJC_MSGSEND = YES;
				ENABLE_TESTABILITY = YES;
				GCC_C_LANGUAGE_STANDARD = gnu11;
				GCC_DYNAMIC_NO_PIC = NO;
				GCC_NO_COMMON_BLOCKS = YES;
				GCC_OPTIMIZATION_LEVEL = 0;
				GCC_PREPROCESSOR_DEFINITIONS = (
					"DEBUG=1",
					"$(inherited)",
				);
				GCC_WARN_64_TO_32_BIT_CONVERSION = YES;
				GCC_WARN_ABOUT_RETURN_TYPE = YES_ERROR;
				GCC_WARN_UNDECLARED_SELECTOR = YES;
				GCC_WARN_UNINITIALIZED_AUTOS = YES_AGGRESSIVE;
				GCC_WARN_UNUSED_FUNCTION = YES;
				GCC_WARN_UNUSED_VARIABLE = YES;
				IPHONEOS_DEPLOYMENT_TARGET = 16.0;
				MTL_ENABLE_DEBUG_INFO = INCLUDE_SOURCE;
				MTL_FAST_MATH = YES;
				ONLY_ACTIVE_ARCH = YES;
				SDKROOT = iphoneos;
				SWIFT_ACTIVE_COMPILATION_CONDITIONS = DEBUG;
				SWIFT_OPTIMIZATION_LEVEL = "-Onone";
			};
			name = Debug;
		};
		685D9F672B0DB98D00F2F181 /* Release */ = {
			isa = XCBuildConfiguration;
			buildSettings = {
				ALWAYS_SEARCH_USER_PATHS = NO;
				CLANG_ANALYZER_NONNULL = YES;
				CLANG_ANALYZER_NUMBER_OBJECT_CONVERSION = YES_AGGRESSIVE;
				CLANG_CXX_LANGUAGE_STANDARD = "gnu++20";
				CLANG_ENABLE_MODULES = YES;
				CLANG_ENABLE_OBJC_ARC = YES;
				CLANG_ENABLE_OBJC_WEAK = YES;
				CLANG_WARN_BLOCK_CAPTURE_AUTORELEASING = YES;
				CLANG_WARN_BOOL_CONVERSION = YES;
				CLANG_WARN_COMMA = YES;
				CLANG_WARN_CONSTANT_CONVERSION = YES;
				CLANG_WARN_DEPRECATED_OBJC_IMPLEMENTATIONS = YES;
				CLANG_WARN_DIRECT_OBJC_ISA_USAGE = YES_ERROR;
				CLANG_WARN_DOCUMENTATION_COMMENTS = YES;
				CLANG_WARN_EMPTY_BODY = YES;
				CLANG_WARN_ENUM_CONVERSION = YES;
				CLANG_WARN_INFINITE_RECURSION = YES;
				CLANG_WARN_INT_CONVERSION = YES;
				CLANG_WARN_NON_LITERAL_NULL_CONVERSION = YES;
				CLANG_WARN_OBJC_IMPLICIT_RETAIN_SELF = YES;
				CLANG_WARN_OBJC_LITERAL_CONVERSION = YES;
				CLANG_WARN_OBJC_ROOT_CLASS = YES_ERROR;
				CLANG_WARN_QUOTED_INCLUDE_IN_FRAMEWORK_HEADER = YES;
				CLANG_WARN_RANGE_LOOP_ANALYSIS = YES;
				CLANG_WARN_STRICT_PROTOTYPES = YES;
				CLANG_WARN_SUSPICIOUS_MOVE = YES;
				CLANG_WARN_UNGUARDED_AVAILABILITY = YES_AGGRESSIVE;
				CLANG_WARN_UNREACHABLE_CODE = YES;
				CLANG_WARN__DUPLICATE_METHOD_MATCH = YES;
				COPY_PHASE_STRIP = NO;
				DEBUG_INFORMATION_FORMAT = "dwarf-with-dsym";
				ENABLE_NS_ASSERTIONS = NO;
				ENABLE_STRICT_OBJC_MSGSEND = YES;
				GCC_C_LANGUAGE_STANDARD = gnu11;
				GCC_NO_COMMON_BLOCKS = YES;
				GCC_WARN_64_TO_32_BIT_CONVERSION = YES;
				GCC_WARN_ABOUT_RETURN_TYPE = YES_ERROR;
				GCC_WARN_UNDECLARED_SELECTOR = YES;
				GCC_WARN_UNINITIALIZED_AUTOS = YES_AGGRESSIVE;
				GCC_WARN_UNUSED_FUNCTION = YES;
				GCC_WARN_UNUSED_VARIABLE = YES;
				IPHONEOS_DEPLOYMENT_TARGET = 16.0;
				MTL_ENABLE_DEBUG_INFO = NO;
				MTL_FAST_MATH = YES;
				SDKROOT = iphoneos;
				SWIFT_COMPILATION_MODE = wholemodule;
				SWIFT_OPTIMIZATION_LEVEL = "-O";
				VALIDATE_PRODUCT = YES;
			};
			name = Release;
		};
		685D9F692B0DB98D00F2F181 /* Debug */ = {
			isa = XCBuildConfiguration;
			buildSettings = {
				ASSETCATALOG_COMPILER_APPICON_NAME = AppIcon;
				ASSETCATALOG_COMPILER_GLOBAL_ACCENT_COLOR_NAME = AccentColor;
				CODE_SIGN_STYLE = Automatic;
				CURRENT_PROJECT_VERSION = 1;
				DEVELOPMENT_TEAM = W669X37752;
				GENERATE_INFOPLIST_FILE = YES;
				INFOPLIST_FILE = 07_08_2023_CoreDataDemo/Info.plist;
				INFOPLIST_KEY_UIApplicationSupportsIndirectInputEvents = YES;
				INFOPLIST_KEY_UILaunchStoryboardName = LaunchScreen;
				INFOPLIST_KEY_UIMainStoryboardFile = Main;
				INFOPLIST_KEY_UISupportedInterfaceOrientations_iPad = "UIInterfaceOrientationPortrait UIInterfaceOrientationPortraitUpsideDown UIInterfaceOrientationLandscapeLeft UIInterfaceOrientationLandscapeRight";
				INFOPLIST_KEY_UISupportedInterfaceOrientations_iPhone = "UIInterfaceOrientationPortrait UIInterfaceOrientationLandscapeLeft UIInterfaceOrientationLandscapeRight";
				LD_RUNPATH_SEARCH_PATHS = (
					"$(inherited)",
					"@executable_path/Frameworks",
				);
				MARKETING_VERSION = 1.0;
				PRODUCT_BUNDLE_IDENTIFIER = "in.bitcode.-7-08-2023-CoreDataDemo";
				PRODUCT_NAME = "$(TARGET_NAME)";
				SWIFT_EMIT_LOC_STRINGS = YES;
				SWIFT_VERSION = 5.0;
				TARGETED_DEVICE_FAMILY = "1,2";
			};
			name = Debug;
		};
		685D9F6A2B0DB98D00F2F181 /* Release */ = {
			isa = XCBuildConfiguration;
			buildSettings = {
				ASSETCATALOG_COMPILER_APPICON_NAME = AppIcon;
				ASSETCATALOG_COMPILER_GLOBAL_ACCENT_COLOR_NAME = AccentColor;
				CODE_SIGN_STYLE = Automatic;
				CURRENT_PROJECT_VERSION = 1;
				DEVELOPMENT_TEAM = W669X37752;
				GENERATE_INFOPLIST_FILE = YES;
				INFOPLIST_FILE = 07_08_2023_CoreDataDemo/Info.plist;
				INFOPLIST_KEY_UIApplicationSupportsIndirectInputEvents = YES;
				INFOPLIST_KEY_UILaunchStoryboardName = LaunchScreen;
				INFOPLIST_KEY_UIMainStoryboardFile = Main;
				INFOPLIST_KEY_UISupportedInterfaceOrientations_iPad = "UIInterfaceOrientationPortrait UIInterfaceOrientationPortraitUpsideDown UIInterfaceOrientationLandscapeLeft UIInterfaceOrientationLandscapeRight";
				INFOPLIST_KEY_UISupportedInterfaceOrientations_iPhone = "UIInterfaceOrientationPortrait UIInterfaceOrientationLandscapeLeft UIInterfaceOrientationLandscapeRight";
				LD_RUNPATH_SEARCH_PATHS = (
					"$(inherited)",
					"@executable_path/Frameworks",
				);
				MARKETING_VERSION = 1.0;
				PRODUCT_BUNDLE_IDENTIFIER = "in.bitcode.-7-08-2023-CoreDataDemo";
				PRODUCT_NAME = "$(TARGET_NAME)";
				SWIFT_EMIT_LOC_STRINGS = YES;
				SWIFT_VERSION = 5.0;
				TARGETED_DEVICE_FAMILY = "1,2";
			};
			name = Release;
		};
/* End XCBuildConfiguration section */

/* Begin XCConfigurationList section */
		685D9F4C2B0DB98C00F2F181 /* Build configuration list for PBXProject "07_08_2023_CoreDataDemo" */ = {
			isa = XCConfigurationList;
			buildConfigurations = (
				685D9F662B0DB98D00F2F181 /* Debug */,
				685D9F672B0DB98D00F2F181 /* Release */,
			);
			defaultConfigurationIsVisible = 0;
			defaultConfigurationName = Release;
		};
		685D9F682B0DB98D00F2F181 /* Build configuration list for PBXNativeTarget "07_08_2023_CoreDataDemo" */ = {
			isa = XCConfigurationList;
			buildConfigurations = (
				685D9F692B0DB98D00F2F181 /* Debug */,
				685D9F6A2B0DB98D00F2F181 /* Release */,
			);
			defaultConfigurationIsVisible = 0;
			defaultConfigurationName = Release;
		};
/* End XCConfigurationList section */

/* Begin XCVersionGroup section */
		685D9F5D2B0DB98C00F2F181 /* _7_08_2023_CoreDataDemo.xcdatamodeld */ = {
			isa = XCVersionGroup;
			children = (
				685D9F5E2B0DB98C00F2F181 /* _7_08_2023_CoreDataDemo.xcdatamodel */,
			);
			currentVersion = 685D9F5E2B0DB98C00F2F181 /* _7_08_2023_CoreDataDemo.xcdatamodel */;
			path = _7_08_2023_CoreDataDemo.xcdatamodeld;
			sourceTree = "<group>";
			versionGroupType = wrapper.xcdatamodel;
		};
/* End XCVersionGroup section */
	};
	rootObject = 685D9F492B0DB98C00F2F181 /* Project object */;
}
